
Microsoft Visual Studio Solution File, Format Version 12.00
# Visual Studio Version 17
VisualStudioVersion = 17.3.32929.385
MinimumVisualStudioVersion = 10.0.40219.1
Project("{FAE04EC0-301F-11D3-BF4B-00C04F79EFBC}") = "studying-c-sharp-shimshon-kebede1", "studying-c-sharp-shimshon-kebede1.csproj", "{4B329721-807C-4C8E-B8FF-EFBD424C8331}"
EndProject
Global
	GlobalSection(SolutionConfigurationPlatforms) = preSolution
		Debug|Any CPU = Debug|Any CPU
		Release|Any CPU = Release|Any CPU
	EndGlobalSection
	GlobalSection(ProjectConfigurationPlatforms) = postSolution
		{4B329721-807C-4C8E-B8FF-EFBD424C8331}.Debug|Any CPU.ActiveCfg = Debug|Any CPU
		{4B329721-807C-4C8E-B8FF-EFBD424C8331}.Debug|Any CPU.Build.0 = Debug|Any CPU
		{4B329721-807C-4C8E-B8FF-EFBD424C8331}.Release|Any CPU.ActiveCfg = Release|Any CPU
		{4B329721-807C-4C8E-B8FF-EFBD424C8331}.Release|Any CPU.Build.0 = Release|Any CPU
	EndGlobalSection
	GlobalSection(SolutionProperties) = preSolution
		HideSolutionNode = FALSE
	EndGlobalSection
	GlobalSection(ExtensibilityGlobals) = postSolution
		SolutionGuid = {E7D2E6CC-8E1C-441C-8230-945ECCE637D6}
	EndGlobalSection
EndGlobal
